
Microsoft Visual Studio Solution File, Format Version 12.00
# Visual Studio 15
VisualStudioVersion = 15.0.27130.2026
MinimumVisualStudioVersion = 10.0.40219.1
Project("{FAE04EC0-301F-11D3-BF4B-00C04F79EFBC}") = "PDS_project_2017", "PDS_project_2017\PDS_project_2017.csproj", "{324077AD-9D52-467D-804B-8BBEDC0155EE}"
EndProject
Global
	GlobalSection(SolutionConfigurationPlatforms) = preSolution
		Debug|Any CPU = Debug|Any CPU
		Release|Any CPU = Release|Any CPU
	EndGlobalSection
	GlobalSection(ProjectConfigurationPlatforms) = postSolution
		{324077AD-9D52-467D-804B-8BBEDC0155EE}.Debug|Any CPU.ActiveCfg = Debug|Any CPU
		{324077AD-9D52-467D-804B-8BBEDC0155EE}.Debug|Any CPU.Build.0 = Debug|Any CPU
		{324077AD-9D52-467D-804B-8BBEDC0155EE}.Release|Any CPU.ActiveCfg = Release|Any CPU
		{324077AD-9D52-467D-804B-8BBEDC0155EE}.Release|Any CPU.Build.0 = Release|Any CPU
	EndGlobalSection
	GlobalSection(SolutionProperties) = preSolution
		HideSolutionNode = FALSE
	EndGlobalSection
	GlobalSection(ExtensibilityGlobals) = postSolution
		SolutionGuid = {9C1265E9-4069-490F-B4F6-AF73C563A56A}
	EndGlobalSection
EndGlobal
